
Microsoft Visual Studio Solution File, Format Version 12.00
# Visual Studio Version 17
VisualStudioVersion = 17.9.34622.214
MinimumVisualStudioVersion = 10.0.40219.1
Project("{FAE04EC0-301F-11D3-BF4B-00C04F79EFBC}") = "SimpleFactory", "SimpleFactory.csproj", "{97388136-39EB-4C43-90AC-6FFBF5C0DDAF}"
EndProject
Global
	GlobalSection(SolutionConfigurationPlatforms) = preSolution
		Debug|Any CPU = Debug|Any CPU
		Release|Any CPU = Release|Any CPU
	EndGlobalSection
	GlobalSection(ProjectConfigurationPlatforms) = postSolution
		{97388136-39EB-4C43-90AC-6FFBF5C0DDAF}.Debug|Any CPU.ActiveCfg = Debug|Any CPU
		{97388136-39EB-4C43-90AC-6FFBF5C0DDAF}.Debug|Any CPU.Build.0 = Debug|Any CPU
		{97388136-39EB-4C43-90AC-6FFBF5C0DDAF}.Release|Any CPU.ActiveCfg = Release|Any CPU
		{97388136-39EB-4C43-90AC-6FFBF5C0DDAF}.Release|Any CPU.Build.0 = Release|Any CPU
	EndGlobalSection
	GlobalSection(SolutionProperties) = preSolution
		HideSolutionNode = FALSE
	EndGlobalSection
	GlobalSection(ExtensibilityGlobals) = postSolution
		SolutionGuid = {0229BA79-36DE-4CBF-954A-D89E5066E15E}
	EndGlobalSection
EndGlobal
