
Microsoft Visual Studio Solution File, Format Version 12.00
# Visual Studio Version 17
VisualStudioVersion = 17.9.34622.214
MinimumVisualStudioVersion = 10.0.40219.1
Project("{FAE04EC0-301F-11D3-BF4B-00C04F79EFBC}") = "AbstractFactory", "AbstractFactory\AbstractFactory.csproj", "{2B1FDBC8-4E39-492F-B288-9FB966D0ADDA}"
EndProject
Global
	GlobalSection(SolutionConfigurationPlatforms) = preSolution
		Debug|Any CPU = Debug|Any CPU
		Release|Any CPU = Release|Any CPU
	EndGlobalSection
	GlobalSection(ProjectConfigurationPlatforms) = postSolution
		{2B1FDBC8-4E39-492F-B288-9FB966D0ADDA}.Debug|Any CPU.ActiveCfg = Debug|Any CPU
		{2B1FDBC8-4E39-492F-B288-9FB966D0ADDA}.Debug|Any CPU.Build.0 = Debug|Any CPU
		{2B1FDBC8-4E39-492F-B288-9FB966D0ADDA}.Release|Any CPU.ActiveCfg = Release|Any CPU
		{2B1FDBC8-4E39-492F-B288-9FB966D0ADDA}.Release|Any CPU.Build.0 = Release|Any CPU
	EndGlobalSection
	GlobalSection(SolutionProperties) = preSolution
		HideSolutionNode = FALSE
	EndGlobalSection
	GlobalSection(ExtensibilityGlobals) = postSolution
		SolutionGuid = {498B582A-C7C2-4493-A712-EB51D18E5904}
	EndGlobalSection
EndGlobal
